
Microsoft Visual Studio Solution File, Format Version 12.00
# Visual Studio Version 16
VisualStudioVersion = 16.0.30011.22
MinimumVisualStudioVersion = 10.0.40219.1
Project("{FAE04EC0-301F-11D3-BF4B-00C04F79EFBC}") = "stajTakipV.1.1", "stajTakipV.1.1\stajTakipV.1.1.csproj", "{8F29CE2C-1312-464D-83AF-EDBDE68F8EB5}"
EndProject
Global
	GlobalSection(SolutionConfigurationPlatforms) = preSolution
		Debug|Any CPU = Debug|Any CPU
		Release|Any CPU = Release|Any CPU
	EndGlobalSection
	GlobalSection(ProjectConfigurationPlatforms) = postSolution
		{8F29CE2C-1312-464D-83AF-EDBDE68F8EB5}.Debug|Any CPU.ActiveCfg = Debug|Any CPU
		{8F29CE2C-1312-464D-83AF-EDBDE68F8EB5}.Debug|Any CPU.Build.0 = Debug|Any CPU
		{8F29CE2C-1312-464D-83AF-EDBDE68F8EB5}.Release|Any CPU.ActiveCfg = Release|Any CPU
		{8F29CE2C-1312-464D-83AF-EDBDE68F8EB5}.Release|Any CPU.Build.0 = Release|Any CPU
	EndGlobalSection
	GlobalSection(SolutionProperties) = preSolution
		HideSolutionNode = FALSE
	EndGlobalSection
	GlobalSection(ExtensibilityGlobals) = postSolution
		SolutionGuid = {552DB202-F22B-4EA2-B3A1-FFF8B3C62306}
	EndGlobalSection
EndGlobal
